// !$*UTF8*$!
{
	archiveVersion = 1;
	classes = {
	};
	objectVersion = 77;
	objects = {

/* Begin PBXContainerItemProxy section */
		59C5A2FA2F1F776B0053249A /* PBXContainerItemProxy */ = {
			isa = PBXContainerItemProxy;
			containerPortal = 59C5A2E42F1F776A0053249A /* Project object */;
			proxyType = 1;
			remoteGlobalIDString = 59C5A2EB2F1F776A0053249A;
			remoteInfo = msyui;
		};
		59C5A3042F1F776B0053249A /* PBXContainerItemProxy */ = {
			isa = PBXContainerItemProxy;
			containerPortal = 59C5A2E42F1F776A0053249A /* Project object */;
			proxyType = 1;
			remoteGlobalIDString = 59C5A2EB2F1F776A0053249A;
			remoteInfo = msyui;
		};
/* End PBXContainerItemProxy section */

/* Begin PBXFileReference section */
		59C5A2EC2F1F776A0053249A /* msyui.app */ = {isa = PBXFileReference; explicitFileType = wrapper.application; includeInIndex = 0; path = msyui.app; sourceTree = BUILT_PRODUCTS_DIR; };
		59C5A2F92F1F776B0053249A /* msyuiTests.xctest */ = {isa = PBXFileReference; explicitFileType = wrapper.cfbundle; includeInIndex = 0; path = msyuiTests.xctest; sourceTree = BUILT_PRODUCTS_DIR; };
		59C5A3032F1F776B0053249A /* msyuiUITests.xctest */ = {isa = PBXFileReference; explicitFileType = wrapper.cfbundle; includeInIndex = 0; path = msyuiUITests.xctest; sourceTree = BUILT_PRODUCTS_DIR; };
/* End PBXFileReference section */

/* Begin PBXFileSystemSynchronizedRootGroup section */
		59C5A2EE2F1F776A0053249A /* msyui */ = {
			isa = PBXFileSystemSynchronizedRootGroup;
			path = msyui;
			sourceTree = "<group>";
		};
		59C5A2FC2F1F776B0053249A /* msyuiTests */ = {
			isa = PBXFileSystemSynchronizedRootGroup;
			path = msyuiTests;
			sourceTree = "<group>";
		};
		59C5A3062F1F776B0053249A /* msyuiUITests */ = {
			isa = PBXFileSystemSynchronizedRootGroup;
			path = msyuiUITests;
			sourceTree = "<group>";
		};
/* End PBXFileSystemSynchronizedRootGroup section */

/* Begin PBXFrameworksBuildPhase section */
		59C5A2E92F1F776A0053249A /* Frameworks */ = {
			isa = PBXFrameworksBuildPhase;
			buildActionMask = 2147483647;
			files = (
			);
			runOnlyForDeploymentPostprocessing = 0;
		};
		59C5A2F62F1F776B0053249A /* Frameworks */ = {
			isa = PBXFrameworksBuildPhase;
			buildActionMask = 2147483647;
			files = (
			);
			runOnlyForDeploymentPostprocessing = 0;
		};
		59C5A3002F1F776B0053249A /* Frameworks */ = {
			isa = PBXFrameworksBuildPhase;
			buildActionMask = 2147483647;
			files = (
			);
			runOnlyForDeploymentPostprocessing = 0;
		};
/* End PBXFrameworksBuildPhase section */

/* Begin PBXGroup section */
		59C5A2E32F1F776A0053249A = {
			isa = PBXGroup;
			children = (
				59C5A2EE2F1F776A0053249A /* msyui */,
				59C5A2FC2F1F776B0053249A /* msyuiTests */,
				59C5A3062F1F776B0053249A /* msyuiUITests */,
				59C5A2ED2F1F776A0053249A /* Products */,
			);
			sourceTree = "<group>";
		};
		59C5A2ED2F1F776A0053249A /* Products */ = {
			isa = PBXGroup;
			children = (
				59C5A2EC2F1F776A0053249A /* msyui.app */,
				59C5A2F92F1F776B0053249A /* msyuiTests.xctest */,
				59C5A3032F1F776B0053249A /* msyuiUITests.xctest */,
			);
			name = Products;
			sourceTree = "<group>";
		};
/* End PBXGroup section */

/* Begin PBXNativeTarget section */
		59C5A2EB2F1F776A0053249A /* msyui */ = {
			isa = PBXNativeTarget;
			buildConfigurationList = 59C5A30D2F1F776B0053249A /* Build configuration list for PBXNativeTarget "msyui" */;
			buildPhases = (
				59C5A2E82F1F776A0053249A /* Sources */,
				59C5A2E92F1F776A0053249A /* Frameworks */,
				59C5A2EA2F1F776A0053249A /* Resources */,
			);
			buildRules = (
			);
			dependencies = (
			);
			fileSystemSynchronizedGroups = (
				59C5A2EE2F1F776A0053249A /* msyui */,
			);
			name = msyui;
			packageProductDependencies = (
			);
			productName = msyui;
			productReference = 59C5A2EC2F1F776A0053249A /* msyui.app */;
			productType = "com.apple.product-type.application";
		};
		59C5A2F82F1F776B0053249A /* msyuiTests */ = {
			isa = PBXNativeTarget;
			buildConfigurationList = 59C5A3102F1F776B0053249A /* Build configuration list for PBXNativeTarget "msyuiTests" */;
			buildPhases = (
				59C5A2F52F1F776B0053249A /* Sources */,
				59C5A2F62F1F776B0053249A /* Frameworks */,
				59C5A2F72F1F776B0053249A /* Resources */,
			);
			buildRules = (
			);
			dependencies = (
				59C5A2FB2F1F776B0053249A /* PBXTargetDependency */,
			);
			fileSystemSynchronizedGroups = (
				59C5A2FC2F1F776B0053249A /* msyuiTests */,
			);
			name = msyuiTests;
			packageProductDependencies = (
			);
			productName = msyuiTests;
			productReference = 59C5A2F92F1F776B0053249A /* msyuiTests.xctest */;
			productType = "com.apple.product-type.bundle.unit-test";
		};
		59C5A3022F1F776B0053249A /* msyuiUITests */ = {
			isa = PBXNativeTarget;
			buildConfigurationList = 59C5A3132F1F776B0053249A /* Build configuration list for PBXNativeTarget "msyuiUITests" */;
			buildPhases = (
				59C5A2FF2F1F776B0053249A /* Sources */,
				59C5A3002F1F776B0053249A /* Frameworks */,
				59C5A3012F1F776B0053249A /* Resources */,
			);
			buildRules = (
			);
			dependencies = (
				59C5A3052F1F776B0053249A /* PBXTargetDependency */,
			);
			fileSystemSynchronizedGroups = (
				59C5A3062F1F776B0053249A /* msyuiUITests */,
			);
			name = msyuiUITests;
			packageProductDependencies = (
			);
			productName = msyuiUITests;
			productReference = 59C5A3032F1F776B0053249A /* msyuiUITests.xctest */;
			productType = "com.apple.product-type.bundle.ui-testing";
		};
/* End PBXNativeTarget section */

/* Begin PBXProject section */
		59C5A2E42F1F776A0053249A /* Project object */ = {
			isa = PBXProject;
			attributes = {
				BuildIndependentTargetsInParallel = 1;
				LastSwiftUpdateCheck = 1640;
				LastUpgradeCheck = 1640;
				TargetAttributes = {
					59C5A2EB2F1F776A0053249A = {
						CreatedOnToolsVersion = 16.4;
					};
					59C5A2F82F1F776B0053249A = {
						CreatedOnToolsVersion = 16.4;
						TestTargetID = 59C5A2EB2F1F776A0053249A;
					};
					59C5A3022F1F776B0053249A = {
						CreatedOnToolsVersion = 16.4;
						TestTargetID = 59C5A2EB2F1F776A0053249A;
					};
				};
			};
			buildConfigurationList = 59C5A2E72F1F776A0053249A /* Build configuration list for PBXProject "msyui" */;
			developmentRegion = en;
			hasScannedForEncodings = 0;
			knownRegions = (
				en,
				Base,
			);
			mainGroup = 59C5A2E32F1F776A0053249A;
			minimizedProjectReferenceProxies = 1;
			preferredProjectObjectVersion = 77;
			productRefGroup = 59C5A2ED2F1F776A0053249A /* Products */;
			projectDirPath = "";
			projectRoot = "";
			targets = (
				59C5A2EB2F1F776A0053249A /* msyui */,
				59C5A2F82F1F776B0053249A /* msyuiTests */,
				59C5A3022F1F776B0053249A /* msyuiUITests */,
			);
		};
/* End PBXProject section */

/* Begin PBXResourcesBuildPhase section */
		59C5A2EA2F1F776A0053249A /* Resources */ = {
			isa = PBXResourcesBuildPhase;
			buildActionMask = 2147483647;
			files = (
			);
			runOnlyForDeploymentPostprocessing = 0;
		};
		59C5A2F72F1F776B0053249A /* Resources */ = {
			isa = PBXResourcesBuildPhase;
			buildActionMask = 2147483647;
			files = (
			);
			runOnlyForDeploymentPostprocessing = 0;
		};
		59C5A3012F1F776B0053249A /* Resources */ = {
			isa = PBXResourcesBuildPhase;
			buildActionMask = 2147483647;
			files = (
			);
			runOnlyForDeploymentPostprocessing = 0;
		};
/* End PBXResourcesBuildPhase section */

/* Begin PBXSourcesBuildPhase section */
		59C5A2E82F1F776A0053249A /* Sources */ = {
			isa = PBXSourcesBuildPhase;
			buildActionMask = 2147483647;
			files = (
			);
			runOnlyForDeploymentPostprocessing = 0;
		};
		59C5A2F52F1F776B0053249A /* Sources */ = {
			isa = PBXSourcesBuildPhase;
			buildActionMask = 2147483647;
			files = (
			);
			runOnlyForDeploymentPostprocessing = 0;
		};
		59C5A2FF2F1F776B0053249A /* Sources */ = {
			isa = PBXSourcesBuildPhase;
			buildActionMask = 2147483647;
			files = (
			);
			runOnlyForDeploymentPostprocessing = 0;
		};
/* End PBXSourcesBuildPhase section */

/* Begin PBXTargetDependency section */
		59C5A2FB2F1F776B0053249A /* PBXTargetDependency */ = {
			isa = PBXTargetDependency;
			target = 59C5A2EB2F1F776A0053249A /* msyui */;
			targetProxy = 59C5A2FA2F1F776B0053249A /* PBXContainerItemProxy */;
		};
		59C5A3052F1F776B0053249A /* PBXTargetDependency */ = {
			isa = PBXTargetDependency;
			target = 59C5A2EB2F1F776A0053249A /* msyui */;
			targetProxy = 59C5A3042F1F776B0053249A /* PBXContainerItemProxy */;
		};
/* End PBXTargetDependency section */

/* Begin XCBuildConfiguration section */
		59C5A30B2F1F776B0053249A /* Debug */ = {
			isa = XCBuildConfiguration;
			buildSettings = {
				ALWAYS_SEARCH_USER_PATHS = NO;
				ASSETCATALOG_COMPILER_GENERATE_SWIFT_ASSET_SYMBOL_EXTENSIONS = YES;
				CLANG_ANALYZER_NONNULL = YES;
				CLANG_ANALYZER_NUMBER_OBJECT_CONVERSION = YES_AGGRESSIVE;
				CLANG_CXX_LANGUAGE_STANDARD = "gnu++20";
				CLANG_ENABLE_MODULES = YES;
				CLANG_ENABLE_OBJC_ARC = YES;
				CLANG_ENABLE_OBJC_WEAK = YES;
				CLANG_WARN_BLOCK_CAPTURE_AUTORELEASING = YES;
				CLANG_WARN_BOOL_CONVERSION = YES;
				CLANG_WARN_COMMA = YES;
				CLANG_WARN_CONSTANT_CONVERSION = YES;
				CLANG_WARN_DEPRECATED_OBJC_IMPLEMENTATIONS = YES;
				CLANG_WARN_DIRECT_OBJC_ISA_USAGE = YES_ERROR;
				CLANG_WARN_DOCUMENTATION_COMMENTS = YES;
				CLANG_WARN_EMPTY_BODY = YES;
				CLANG_WARN_ENUM_CONVERSION = YES;
				CLANG_WARN_INFINITE_RECURSION = YES;
				CLANG_WARN_INT_CONVERSION = YES;
				CLANG_WARN_NON_LITERAL_NULL_CONVERSION = YES;
				CLANG_WARN_OBJC_IMPLICIT_RETAIN_SELF = YES;
				CLANG_WARN_OBJC_LITERAL_CONVERSION = YES;
				CLANG_WARN_OBJC_ROOT_CLASS = YES_ERROR;
				CLANG_WARN_QUOTED_INCLUDE_IN_FRAMEWORK_HEADER = YES;
				CLANG_WARN_RANGE_LOOP_ANALYSIS = YES;
				CLANG_WARN_STRICT_PROTOTYPES = YES;
				CLANG_WARN_SUSPICIOUS_MOVE = YES;
				CLANG_WARN_UNGUARDED_AVAILABILITY = YES_AGGRESSIVE;
				CLANG_WARN_UNREACHABLE_CODE = YES;
				CLANG_WARN__DUPLICATE_METHOD_MATCH = YES;
				COPY_PHASE_STRIP = NO;
				DEBUG_INFORMATION_FORMAT = dwarf;
				ENABLE_STRICT_OBJC_MSGSEND = YES;
				ENABLE_TESTABILITY = YES;
				ENABLE_USER_SCRIPT_SANDBOXING = YES;
				GCC_C_LANGUAGE_STANDARD = gnu17;
				GCC_DYNAMIC_NO_PIC = NO;
				GCC_NO_COMMON_BLOCKS = YES;
				GCC_OPTIMIZATION_LEVEL = 0;
				GCC_PREPROCESSOR_DEFINITIONS = (
					"DEBUG=1",
					"$(inherited)",
				);
				GCC_WARN_64_TO_32_BIT_CONVERSION = YES;
				GCC_WARN_ABOUT_RETURN_TYPE = YES_ERROR;
				GCC_WARN_UNDECLARED_SELECTOR = YES;
				GCC_WARN_UNINITIALIZED_AUTOS = YES_AGGRESSIVE;
				GCC_WARN_UNUSED_FUNCTION = YES;
				GCC_WARN_UNUSED_VARIABLE = YES;
				IPHONEOS_DEPLOYMENT_TARGET = 15.0;
				LOCALIZATION_PREFERS_STRING_CATALOGS = YES;
				MTL_ENABLE_DEBUG_INFO = INCLUDE_SOURCE;
				MTL_FAST_MATH = YES;
				ONLY_ACTIVE_ARCH = YES;
				SDKROOT = iphoneos;
				SWIFT_ACTIVE_COMPILATION_CONDITIONS = "DEBUG $(inherited)";
				SWIFT_OPTIMIZATION_LEVEL = "-Onone";
			};
			name = Debug;
		};
		59C5A30C2F1F776B0053249A /* Release */ = {
			isa = XCBuildConfiguration;
			buildSettings = {
				ALWAYS_SEARCH_USER_PATHS = NO;
				ASSETCATALOG_COMPILER_GENERATE_SWIFT_ASSET_SYMBOL_EXTENSIONS = YES;
				CLANG_ANALYZER_NONNULL = YES;
				CLANG_ANALYZER_NUMBER_OBJECT_CONVERSION = YES_AGGRESSIVE;
				CLANG_CXX_LANGUAGE_STANDARD = "gnu++20";
				CLANG_ENABLE_MODULES = YES;
				CLANG_ENABLE_OBJC_ARC = YES;
				CLANG_ENABLE_OBJC_WEAK = YES;
				CLANG_WARN_BLOCK_CAPTURE_AUTORELEASING = YES;
				CLANG_WARN_BOOL_CONVERSION = YES;
				CLANG_WARN_COMMA = YES;
				CLANG_WARN_CONSTANT_CONVERSION = YES;
				CLANG_WARN_DEPRECATED_OBJC_IMPLEMENTATIONS = YES;
				CLANG_WARN_DIRECT_OBJC_ISA_USAGE = YES_ERROR;
				CLANG_WARN_DOCUMENTATION_COMMENTS = YES;
				CLANG_WARN_EMPTY_BODY = YES;
				CLANG_WARN_ENUM_CONVERSION = YES;
				CLANG_WARN_INFINITE_RECURSION = YES;
				CLANG_WARN_INT_CONVERSION = YES;
				CLANG_WARN_NON_LITERAL_NULL_CONVERSION = YES;
				CLANG_WARN_OBJC_IMPLICIT_RETAIN_SELF = YES;
				CLANG_WARN_OBJC_LITERAL_CONVERSION = YES;
				CLANG_WARN_OBJC_ROOT_CLASS = YES_ERROR;
				CLANG_WARN_QUOTED_INCLUDE_IN_FRAMEWORK_HEADER = YES;
				CLANG_WARN_RANGE_LOOP_ANALYSIS = YES;
				CLANG_WARN_STRICT_PROTOTYPES = YES;
				CLANG_WARN_SUSPICIOUS_MOVE = YES;
				CLANG_WARN_UNGUARDED_AVAILABILITY = YES_AGGRESSIVE;
				CLANG_WARN_UNREACHABLE_CODE = YES;
				CLANG_WARN__DUPLICATE_METHOD_MATCH = YES;
				COPY_PHASE_STRIP = NO;
				DEBUG_INFORMATION_FORMAT = "dwarf-with-dsym";
				ENABLE_NS_ASSERTIONS = NO;
				ENABLE_STRICT_OBJC_MSGSEND = YES;
				ENABLE_USER_SCRIPT_SANDBOXING = YES;
				GCC_C_LANGUAGE_STANDARD = gnu17;
				GCC_NO_COMMON_BLOCKS = YES;
				GCC_WARN_64_TO_32_BIT_CONVERSION = YES;
				GCC_WARN_ABOUT_RETURN_TYPE = YES_ERROR;
				GCC_WARN_UNDECLARED_SELECTOR = YES;
				GCC_WARN_UNINITIALIZED_AUTOS = YES_AGGRESSIVE;
				GCC_WARN_UNUSED_FUNCTION = YES;
				GCC_WARN_UNUSED_VARIABLE = YES;
				IPHONEOS_DEPLOYMENT_TARGET = 15.0;
				LOCALIZATION_PREFERS_STRING_CATALOGS = YES;
				MTL_ENABLE_DEBUG_INFO = NO;
				MTL_FAST_MATH = YES;
				SDKROOT = iphoneos;
				SWIFT_COMPILATION_MODE = wholemodule;
				VALIDATE_PRODUCT = YES;
			};
			name = Release;
		};
		59C5A30E2F1F776B0053249A /* Debug */ = {
			isa = XCBuildConfiguration;
			buildSettings = {
				ASSETCATALOG_COMPILER_APPICON_NAME = AppIcon;
				ASSETCATALOG_COMPILER_GLOBAL_ACCENT_COLOR_NAME = AccentColor;
				CODE_SIGN_STYLE = Automatic;
				CURRENT_PROJECT_VERSION = 2;
				DEVELOPMENT_TEAM = APWU7G7L3R;
				ENABLE_PREVIEWS = YES;
				GENERATE_INFOPLIST_FILE = NO;
				INFOPLIST_FILE = Info.plist;
				INFOPLIST_KEY_CFBundleDisplayName = "陌速云手机";
				INFOPLIST_KEY_UIApplicationSceneManifest_Generation = YES;
				INFOPLIST_KEY_UIApplicationSupportsIndirectInputEvents = YES;
				INFOPLIST_KEY_UILaunchScreen_Generation = YES;
				INFOPLIST_KEY_UISupportedInterfaceOrientations_iPad = UIInterfaceOrientationPortrait;
				INFOPLIST_KEY_UISupportedInterfaceOrientations_iPhone = UIInterfaceOrientationPortrait;
				LD_RUNPATH_SEARCH_PATHS = (
					"$(inherited)",
					"@executable_path/Frameworks",
				);
				MARKETING_VERSION = 2.0;
				PRODUCT_BUNDLE_IDENTIFIER = nt.msyui.com.msyui;
				PRODUCT_NAME = "$(TARGET_NAME)";
				SWIFT_EMIT_LOC_STRINGS = YES;
				SWIFT_VERSION = 5.0;
				TARGETED_DEVICE_FAMILY = "1,2";
			};
			name = Debug;
		};
		59C5A30F2F1F776B0053249A /* Release */ = {
			isa = XCBuildConfiguration;
			buildSettings = {
				ASSETCATALOG_COMPILER_APPICON_NAME = AppIcon;
				ASSETCATALOG_COMPILER_GLOBAL_ACCENT_COLOR_NAME = AccentColor;
				CODE_SIGN_STYLE = Automatic;
				CURRENT_PROJECT_VERSION = 2;
				DEVELOPMENT_TEAM = APWU7G7L3R;
				ENABLE_PREVIEWS = YES;
				GENERATE_INFOPLIST_FILE = NO;
				INFOPLIST_FILE = Info.plist;
				INFOPLIST_KEY_CFBundleDisplayName = "陌速云手机";
				INFOPLIST_KEY_UIApplicationSceneManifest_Generation = YES;
				INFOPLIST_KEY_UIApplicationSupportsIndirectInputEvents = YES;
				INFOPLIST_KEY_UILaunchScreen_Generation = YES;
				INFOPLIST_KEY_UISupportedInterfaceOrientations_iPad = UIInterfaceOrientationPortrait;
				INFOPLIST_KEY_UISupportedInterfaceOrientations_iPhone = UIInterfaceOrientationPortrait;
				LD_RUNPATH_SEARCH_PATHS = (
					"$(inherited)",
					"@executable_path/Frameworks",
				);
				MARKETING_VERSION = 2.0;
				PRODUCT_BUNDLE_IDENTIFIER = nt.msyui.com.msyui;
				PRODUCT_NAME = "$(TARGET_NAME)";
				SWIFT_EMIT_LOC_STRINGS = YES;
				SWIFT_VERSION = 5.0;
				TARGETED_DEVICE_FAMILY = "1,2";
			};
			name = Release;
		};
		59C5A3112F1F776B0053249A /* Debug */ = {
			isa = XCBuildConfiguration;
			buildSettings = {
				BUNDLE_LOADER = "$(TEST_HOST)";
				CODE_SIGN_STYLE = Automatic;
				CURRENT_PROJECT_VERSION = 2;
				GENERATE_INFOPLIST_FILE = YES;
				IPHONEOS_DEPLOYMENT_TARGET = 15.0;
				MARKETING_VERSION = 2.0;
				PRODUCT_BUNDLE_IDENTIFIER = nt.msyui.com.msyuiTests;
				PRODUCT_NAME = "$(TARGET_NAME)";
				SWIFT_EMIT_LOC_STRINGS = NO;
				SWIFT_VERSION = 5.0;
				TARGETED_DEVICE_FAMILY = "1,2";
				TEST_HOST = "$(BUILT_PRODUCTS_DIR)/msyui.app/$(BUNDLE_EXECUTABLE_FOLDER_PATH)/msyui";
			};
			name = Debug;
		};
		59C5A3122F1F776B0053249A /* Release */ = {
			isa = XCBuildConfiguration;
			buildSettings = {
				BUNDLE_LOADER = "$(TEST_HOST)";
				CODE_SIGN_STYLE = Automatic;
				CURRENT_PROJECT_VERSION = 2;
				GENERATE_INFOPLIST_FILE = YES;
				IPHONEOS_DEPLOYMENT_TARGET = 15.0;
				MARKETING_VERSION = 2.0;
				PRODUCT_BUNDLE_IDENTIFIER = nt.msyui.com.msyuiTests;
				PRODUCT_NAME = "$(TARGET_NAME)";
				SWIFT_EMIT_LOC_STRINGS = NO;
				SWIFT_VERSION = 5.0;
				TARGETED_DEVICE_FAMILY = "1,2";
				TEST_HOST = "$(BUILT_PRODUCTS_DIR)/msyui.app/$(BUNDLE_EXECUTABLE_FOLDER_PATH)/msyui";
			};
			name = Release;
		};
		59C5A3142F1F776B0053249A /* Debug */ = {
			isa = XCBuildConfiguration;
			buildSettings = {
				CODE_SIGN_STYLE = Automatic;
				CURRENT_PROJECT_VERSION = 2;
				GENERATE_INFOPLIST_FILE = YES;
				MARKETING_VERSION = 2.0;
				PRODUCT_BUNDLE_IDENTIFIER = nt.msyui.com.msyuiUITests;
				PRODUCT_NAME = "$(TARGET_NAME)";
				SWIFT_EMIT_LOC_STRINGS = NO;
				SWIFT_VERSION = 5.0;
				TARGETED_DEVICE_FAMILY = "1,2";
				TEST_TARGET_NAME = msyui;
			};
			name = Debug;
		};
		59C5A3152F1F776B0053249A /* Release */ = {
			isa = XCBuildConfiguration;
			buildSettings = {
				CODE_SIGN_STYLE = Automatic;
				CURRENT_PROJECT_VERSION = 2;
				GENERATE_INFOPLIST_FILE = YES;
				MARKETING_VERSION = 2.0;
				PRODUCT_BUNDLE_IDENTIFIER = nt.msyui.com.msyuiUITests;
				PRODUCT_NAME = "$(TARGET_NAME)";
				SWIFT_EMIT_LOC_STRINGS = NO;
				SWIFT_VERSION = 5.0;
				TARGETED_DEVICE_FAMILY = "1,2";
				TEST_TARGET_NAME = msyui;
			};
			name = Release;
		};
/* End XCBuildConfiguration section */

/* Begin XCConfigurationList section */
		59C5A2E72F1F776A0053249A /* Build configuration list for PBXProject "msyui" */ = {
			isa = XCConfigurationList;
			buildConfigurations = (
				59C5A30B2F1F776B0053249A /* Debug */,
				59C5A30C2F1F776B0053249A /* Release */,
			);
			defaultConfigurationIsVisible = 0;
			defaultConfigurationName = Release;
		};
		59C5A30D2F1F776B0053249A /* Build configuration list for PBXNativeTarget "msyui" */ = {
			isa = XCConfigurationList;
			buildConfigurations = (
				59C5A30E2F1F776B0053249A /* Debug */,
				59C5A30F2F1F776B0053249A /* Release */,
			);
			defaultConfigurationIsVisible = 0;
			defaultConfigurationName = Release;
		};
		59C5A3102F1F776B0053249A /* Build configuration list for PBXNativeTarget "msyuiTests" */ = {
			isa = XCConfigurationList;
			buildConfigurations = (
				59C5A3112F1F776B0053249A /* Debug */,
				59C5A3122F1F776B0053249A /* Release */,
			);
			defaultConfigurationIsVisible = 0;
			defaultConfigurationName = Release;
		};
		59C5A3132F1F776B0053249A /* Build configuration list for PBXNativeTarget "msyuiUITests" */ = {
			isa = XCConfigurationList;
			buildConfigurations = (
				59C5A3142F1F776B0053249A /* Debug */,
				59C5A3152F1F776B0053249A /* Release */,
			);
			defaultConfigurationIsVisible = 0;
			defaultConfigurationName = Release;
		};
/* End XCConfigurationList section */
	};
	rootObject = 59C5A2E42F1F776A0053249A /* Project object */;
}
